
Microsoft Visual Studio Solution File, Format Version 12.00
# Visual Studio Version 17
VisualStudioVersion = 17.4.33213.308
MinimumVisualStudioVersion = 10.0.40219.1
Project("{FAE04EC0-301F-11D3-BF4B-00C04F79EFBC}") = "Tehtävä21", "Tehtävä21\Tehtävä21.csproj", "{0E0C4F58-ADB0-44B0-8D82-700A9DEA2F69}"
EndProject
Global
	GlobalSection(SolutionConfigurationPlatforms) = preSolution
		Debug|Any CPU = Debug|Any CPU
		Release|Any CPU = Release|Any CPU
	EndGlobalSection
	GlobalSection(ProjectConfigurationPlatforms) = postSolution
		{0E0C4F58-ADB0-44B0-8D82-700A9DEA2F69}.Debug|Any CPU.ActiveCfg = Debug|Any CPU
		{0E0C4F58-ADB0-44B0-8D82-700A9DEA2F69}.Debug|Any CPU.Build.0 = Debug|Any CPU
		{0E0C4F58-ADB0-44B0-8D82-700A9DEA2F69}.Release|Any CPU.ActiveCfg = Release|Any CPU
		{0E0C4F58-ADB0-44B0-8D82-700A9DEA2F69}.Release|Any CPU.Build.0 = Release|Any CPU
	EndGlobalSection
	GlobalSection(SolutionProperties) = preSolution
		HideSolutionNode = FALSE
	EndGlobalSection
	GlobalSection(ExtensibilityGlobals) = postSolution
		SolutionGuid = {C79A0740-E4C0-41DA-8A9F-4B4AABC745B9}
	EndGlobalSection
EndGlobal
